
Microsoft Visual Studio Solution File, Format Version 12.00
# Visual Studio Version 16
VisualStudioVersion = 16.0.30114.105
MinimumVisualStudioVersion = 10.0.40219.1
Project("{159641D6-6404-4A2A-AE62-294DE0FE8301}") = "EvaluierungSSIS", "EvaluierungSSIS\EvaluierungSSIS.dtproj", "{7B9EBEAA-B441-4421-BDBA-3AE5FD848750}"
EndProject
Global
	GlobalSection(SolutionConfigurationPlatforms) = preSolution
		Development|Default = Development|Default
	EndGlobalSection
	GlobalSection(ProjectConfigurationPlatforms) = postSolution
		{7B9EBEAA-B441-4421-BDBA-3AE5FD848750}.Development|Default.ActiveCfg = Development
		{7B9EBEAA-B441-4421-BDBA-3AE5FD848750}.Development|Default.Build.0 = Development
	EndGlobalSection
	GlobalSection(SolutionProperties) = preSolution
		HideSolutionNode = FALSE
	EndGlobalSection
	GlobalSection(ExtensibilityGlobals) = postSolution
		SolutionGuid = {747F418E-4A45-43F7-936A-0C512914E9EB}
	EndGlobalSection
EndGlobal
